{
  "name": "namida-docs",
  "version": "7.0.0",
  "lockfileVersion": 3,
  "requires": true,
  "packages": {
    "": {
      "name": "namida-docs",
      "version": "7.0.0",
      "dependencies": {
        "@docmd/core": "^0.9.3",
        "@docmd/template-summer": "^0.9.3"
      }
    },
    "node_modules/@docmd/api": {
      "version": "0.9.4",
      "resolved": "https://registry.npmjs.org/@docmd/api/-/api-0.9.4.tgz",
      "integrity": "sha512-3wOlmyo5HDWh1g1hwApISm1mYrk36ffJyJtY78NVp77DpxE3Ojm0lf9Fg0sgsjbqA1F+/wo1BiS735jwOeVkIA==",
      "license": "MIT",
      "dependencies": {
        "@docmd/parser": "^0.9.4",
        "@docmd/tui": "^0.9.4",
        "@docmd/utils": "^0.9.4"
      },
      "engines": {
        "node": ">=20.0.0"
      },
      "funding": {
        "url": "https://github.com/sponsors/mgks"
      },
      "optionalDependencies": {
        "@docmd/engine-js": "^0.9.4",
        "@docmd/engine-rust": "^0.9.4"
      }
    },
    "node_modules/@docmd/core": {
      "version": "0.9.4",
      "resolved": "https://registry.npmjs.org/@docmd/core/-/core-0.9.4.tgz",
      "integrity": "sha512-xmUydrx7rrssxRUs58LtGVtMSmLFAndaZsrYSCG60L0VMKYGq0E/+oOkhgdyOeDGS/z8bgbMifRKk7AxljYApg==",
      "license": "MIT",
      "dependencies": {
        "@docmd/api": "^0.9.4",
        "@docmd/deployer": "^0.9.4",
        "@docmd/live": "^0.9.4",
        "@docmd/parser": "^0.9.4",
        "@docmd/plugin-ai": "^0.9.4",
        "@docmd/plugin-analytics": "^0.9.4",
        "@docmd/plugin-git": "^0.9.4",
        "@docmd/plugin-installer": "^0.9.4",
        "@docmd/plugin-llms": "^0.9.4",
        "@docmd/plugin-mermaid": "^0.9.4",
        "@docmd/plugin-okf": "^0.9.4",
        "@docmd/plugin-openapi": "^0.9.4",
        "@docmd/plugin-search": "^0.9.4",
        "@docmd/plugin-seo": "^0.9.4",
        "@docmd/plugin-sitemap": "^0.9.4",
        "@docmd/themes": "^0.9.4",
        "@docmd/tui": "^0.9.4",
        "@docmd/ui": "^0.9.4",
        "@docmd/utils": "^0.9.4",
        "esbuild": "^0.28.2",
        "ws": "^8.21.3"
      },
      "bin": {
        "docmd": "dist/bin/docmd.js"
      },
      "engines": {
        "node": ">=20.0.0"
      },
      "funding": {
        "url": "https://github.com/sponsors/mgks"
      }
    },
    "node_modules/@docmd/deployer": {
      "version": "0.9.4",
      "resolved": "https://registry.npmjs.org/@docmd/deployer/-/deployer-0.9.4.tgz",
      "integrity": "sha512-kGmAEepRI/OOnt5ZbBwswElFhP4CQm6lDGtwFOKZZfs3imcvUs2dFtRTqvNPc/Sb7ka9ElMFW6d+dZw6DU6XkQ==",
      "license": "MIT",
      "dependencies": {
        "@docmd/api": "^0.9.4"
      },
      "engines": {
        "node": ">=20.0.0"
      },
      "funding": {
        "url": "https://github.com/sponsors/mgks"
      }
    },
    "node_modules/@docmd/engine-js": {
      "version": "0.9.4",
      "resolved": "https://registry.npmjs.org/@docmd/engine-js/-/engine-js-0.9.4.tgz",
      "integrity": "sha512-USjwNE4tA8BbD5RSnZBgaO07TX7i4m5EK4jgDQpZI1Oyw//vH/beoOVvdJRRw+63cS/eRPQmaP5HqMoVMPoAuw==",
      "license": "MIT",
      "optional": true,
      "engines": {
        "node": ">=20.0.0"
      },
      "funding": {
        "url": "https://github.com/sponsors/mgks"
      }
    },
    "node_modules/@docmd/engine-rust": {
      "version": "0.9.4",
      "resolved": "https://registry.npmjs.org/@docmd/engine-rust/-/engine-rust-0.9.4.tgz",
      "integrity": "sha512-sNPN+SS2A1x6l0W0FxrfNJwNMtofk2JasLgaDKUtelGuaEy+pH7EJ384cxXXuiGseQ4AMJksQIKXVUVfTvV2ug==",
      "hasInstallScript": true,
      "license": "MIT",
      "optional": true,
      "engines": {
        "node": ">=20.0.0"
      },
      "funding": {
        "url": "https://github.com/sponsors/mgks"
      }
    },
    "node_modules/@docmd/live": {
      "version": "0.9.4",
      "resolved": "https://registry.npmjs.org/@docmd/live/-/live-0.9.4.tgz",
      "integrity": "sha512-tSGSISFSmm2Sfqvs+QvbOUbCKqGgar7BF7Ayvsp/Iuvo/E3qyrpNi0aTCEXKf0OvhZ4PT2N9xrgHUAiBf4KzKQ==",
      "license": "MIT",
      "dependencies": {
        "@docmd/parser": "^0.9.4",
        "@docmd/plugin-math": "^0.9.4",
        "@docmd/plugin-mermaid": "^0.9.4",
        "@docmd/themes": "^0.9.4",
        "@docmd/tui": "^0.9.4",
        "@docmd/ui": "^0.9.4",
        "buffer": "^6.0.3",
        "esbuild": "^0.28.2",
        "katex": "^0.18.4",
        "markdown-it-texmath": "^1.0.0"
      },
      "bin": {
        "docmd-live": "bin/docmd-live.js"
      },
      "engines": {
        "node": ">=20.0.0"
      },
      "funding": {
        "url": "https://github.com/sponsors/mgks"
      }
    },
    "node_modules/@docmd/parser": {
      "version": "0.9.4",
      "resolved": "https://registry.npmjs.org/@docmd/parser/-/parser-0.9.4.tgz",
      "integrity": "sha512-mGOY9HB6XtFsVqbZNAN81f8rJqJu/7JKTmq+OShkQ+RaUN5ip0Jv5Pf7TCT5Uh73V0nPU+yxKO9hLUGQU0/+yg==",
      "license": "MIT",
      "dependencies": {
        "@docmd/tui": "^0.9.4",
        "@docmd/utils": "^0.9.4",
        "embed-lite": "^0.1.6",
        "lite-hl": "^0.2.1",
        "lite-matter": "^0.1.2",
        "lite-template": "^0.1.3",
        "lucide-static": "^0.577.0",
        "markdown-it": "^14.3.0",
        "markdown-it-abbr": "^1.0.4",
        "markdown-it-attrs": "^4.5.0",
        "markdown-it-deflist": "^2.1.0",
        "markdown-it-emoji": "^2.0.2",
        "markdown-it-footnote": "^3.0.3",
        "markdown-it-task-lists": "^2.1.1"
      },
      "engines": {
        "node": ">=20.0.0"
      },
      "funding": {
        "url": "https://github.com/sponsors/mgks"
      }
    },
    "node_modules/@docmd/plugin-ai": {
      "version": "0.9.4",
      "resolved": "https://registry.npmjs.org/@docmd/plugin-ai/-/plugin-ai-0.9.4.tgz",
      "integrity": "sha512-i2v/xzscGmcbfQsCq5dS7C5QHGWyLykF03EanOfaM2n13Jr5nQOgPadDTL57AexqhPBauOTGYF0I0JAeCOz+uQ==",
      "license": "MIT",
      "dependencies": {
        "docmd-assistant": "^0.1.15"
      },
      "engines": {
        "node": ">=20.0.0"
      }
    },
    "node_modules/@docmd/plugin-analytics": {
      "version": "0.9.4",
      "resolved": "https://registry.npmjs.org/@docmd/plugin-analytics/-/plugin-analytics-0.9.4.tgz",
      "integrity": "sha512-nvvSn+ffxxkEDcBRBuLrS9xmqhy7CU6O7PKQom/d6ee/j4mGmjbcCz/4Oh16KsZ5Sl5kzbn1tr7YReKjf3JWqg==",
      "license": "MIT",
      "dependencies": {
        "@docmd/utils": "^0.9.4"
      },
      "engines": {
        "node": ">=20.0.0"
      },
      "funding": {
        "url": "https://github.com/sponsors/mgks"
      },
      "peerDependencies": {
        "@docmd/api": "^0.9.4"
      }
    },
    "node_modules/@docmd/plugin-git": {
      "version": "0.9.4",
      "resolved": "https://registry.npmjs.org/@docmd/plugin-git/-/plugin-git-0.9.4.tgz",
      "integrity": "sha512-SYUdt9XiAxzCqQNsu54Xq+vCjbkF1g9AE0O1ixsCiCwuB6IEA/0ILJy8g1nSsCY10knKqutBb/pHdKkv4zyrBA==",
      "license": "MIT",
      "engines": {
        "node": ">=20.0.0"
      },
      "funding": {
        "url": "https://github.com/sponsors/mgks"
      },
      "peerDependencies": {
        "@docmd/api": "^0.9.4"
      }
    },
    "node_modules/@docmd/plugin-installer": {
      "version": "0.9.4",
      "resolved": "https://registry.npmjs.org/@docmd/plugin-installer/-/plugin-installer-0.9.4.tgz",
      "integrity": "sha512-EwP3jxleGVmaPka/Trnd1r85Xbie4kX9DYhp/IbxXAxexPQ92Ez0pW0BOmWnDDuVwgd7KivxuOZFX8yJJbI/5Q==",
      "license": "MIT",
      "dependencies": {
        "@docmd/api": "^0.9.4"
      },
      "engines": {
        "node": ">=20.0.0"
      },
      "funding": {
        "url": "https://github.com/sponsors/mgks"
      }
    },
    "node_modules/@docmd/plugin-llms": {
      "version": "0.9.4",
      "resolved": "https://registry.npmjs.org/@docmd/plugin-llms/-/plugin-llms-0.9.4.tgz",
      "integrity": "sha512-57S4TN6CTdxFrF3HZj2ERXjqTq34kKTjUGPybwIbdVFs/vqkAzLMXXgJnocaboyLhNplCpqAvQHe9XDsCetthQ==",
      "license": "MIT",
      "engines": {
        "node": ">=20.0.0"
      },
      "funding": {
        "url": "https://github.com/sponsors/mgks"
      }
    },
    "node_modules/@docmd/plugin-math": {
      "version": "0.9.4",
      "resolved": "https://registry.npmjs.org/@docmd/plugin-math/-/plugin-math-0.9.4.tgz",
      "integrity": "sha512-xR0vCaZBINidMXBEj9RFzmfqrIWXTUKx4PDUV4GKba26eagramoE7T/9LQ+MlU+4w+6G+FnTPLncGs+0on/8sQ==",
      "license": "MIT",
      "dependencies": {
        "katex": "^0.18.4",
        "markdown-it-texmath": "^1.0.0"
      },
      "engines": {
        "node": ">=20.0.0"
      },
      "funding": {
        "url": "https://github.com/sponsors/mgks"
      }
    },
    "node_modules/@docmd/plugin-mermaid": {
      "version": "0.9.4",
      "resolved": "https://registry.npmjs.org/@docmd/plugin-mermaid/-/plugin-mermaid-0.9.4.tgz",
      "integrity": "sha512-l1Ata8lyksQAa+r1Y+KTF7X/QYPSQwAjDFotwAzkzxcuq+jpQV2/Vdfop4+l0HJ/PBu08dy571QFX1KEPjyGvQ==",
      "license": "MIT",
      "dependencies": {
        "@docmd/parser": "^0.9.4"
      },
      "engines": {
        "node": ">=20.0.0"
      },
      "funding": {
        "url": "https://github.com/sponsors/mgks"
      }
    },
    "node_modules/@docmd/plugin-okf": {
      "version": "0.9.4",
      "resolved": "https://registry.npmjs.org/@docmd/plugin-okf/-/plugin-okf-0.9.4.tgz",
      "integrity": "sha512-b59CrfUkbYpr+/zATd4KZxSCkJ2KlIpkhOreA6TMIdf642jJkoIhvzIyyqJoztv2V0qUbdAtxERewJCMgBYvGg==",
      "license": "MIT",
      "engines": {
        "node": ">=20.0.0"
      },
      "funding": {
        "url": "https://github.com/sponsors/mgks"
      }
    },
    "node_modules/@docmd/plugin-openapi": {
      "version": "0.9.4",
      "resolved": "https://registry.npmjs.org/@docmd/plugin-openapi/-/plugin-openapi-0.9.4.tgz",
      "integrity": "sha512-uRVK7SjPbG5VDeMS/fwueZrJnO0JL2OC/X1Imz7wWKUKVMlgJV98j7YbpRFdwh8JiKpeo9lbwDbwYC/8DcEnHQ==",
      "license": "MIT",
      "dependencies": {
        "@docmd/utils": "^0.9.4"
      },
      "engines": {
        "node": ">=20.0.0"
      },
      "funding": {
        "url": "https://github.com/sponsors/mgks"
      },
      "peerDependencies": {
        "@docmd/api": "^0.9.4"
      }
    },
    "node_modules/@docmd/plugin-search": {
      "version": "0.9.4",
      "resolved": "https://registry.npmjs.org/@docmd/plugin-search/-/plugin-search-0.9.4.tgz",
      "integrity": "sha512-UlnCwWPUAWo6gFpWDLmSF9s5IKWTmOlUR3lV0oG4Fdu0iS8VTu75SCdCKqbRUPWEbo9RiP6uvAxvljkTBaDUBg==",
      "license": "MIT",
      "dependencies": {
        "markdown-it": "^14.3.0",
        "minisearch": "^7.2.0"
      },
      "engines": {
        "node": ">=20.0.0"
      },
      "funding": {
        "url": "https://github.com/sponsors/mgks"
      },
      "peerDependencies": {
        "docmd-search": ">=0.1.3"
      },
      "peerDependenciesMeta": {
        "docmd-search": {
          "optional": true
        }
      }
    },
    "node_modules/@docmd/plugin-seo": {
      "version": "0.9.4",
      "resolved": "https://registry.npmjs.org/@docmd/plugin-seo/-/plugin-seo-0.9.4.tgz",
      "integrity": "sha512-ZsHLdGMaGR5gSn8iYyLUZxpR7amTby6A10PbPHYk/e26cgVWzAHPmSX+2adGjjhqtnXSZpmLhpfDnrhxP+YsbA==",
      "license": "MIT",
      "dependencies": {
        "@docmd/utils": "^0.9.4"
      },
      "engines": {
        "node": ">=20.0.0"
      },
      "funding": {
        "url": "https://github.com/sponsors/mgks"
      },
      "peerDependencies": {
        "@docmd/api": "^0.9.4"
      }
    },
    "node_modules/@docmd/plugin-sitemap": {
      "version": "0.9.4",
      "resolved": "https://registry.npmjs.org/@docmd/plugin-sitemap/-/plugin-sitemap-0.9.4.tgz",
      "integrity": "sha512-LVhSY72EozjJ/WUXqHgY4AtrfZ0UGBK2VrjgZKvj+qbTLEGGbO3d5/c8IGyv/faS8991wuJWNfwU+bvkXQFlcQ==",
      "license": "MIT",
      "engines": {
        "node": ">=20.0.0"
      },
      "funding": {
        "url": "https://github.com/sponsors/mgks"
      }
    },
    "node_modules/@docmd/template-summer": {
      "version": "0.9.3",
      "resolved": "https://registry.npmjs.org/@docmd/template-summer/-/template-summer-0.9.3.tgz",
      "integrity": "sha512-aCLsiLm4L9YLJhzA9OHUKM0gOTGd9Cbsaz2NND7cmOjOWdWXQBniSrSkJw2ZIiq53B9qkds0o3bwyjIf9SH7ew==",
      "license": "MIT",
      "engines": {
        "node": ">=20.0.0"
      },
      "funding": {
        "url": "https://github.com/sponsors/mgks"
      }
    },
    "node_modules/@docmd/themes": {
      "version": "0.9.4",
      "resolved": "https://registry.npmjs.org/@docmd/themes/-/themes-0.9.4.tgz",
      "integrity": "sha512-qE+jI0VsXrf6H6KaIUbpFuLlc3EO8dpFindbGvGovHqaWbLu1wfUGBZqUeUelGSHRPjSnFGHqc/EZyIVTFOfig==",
      "license": "MIT",
      "engines": {
        "node": ">=20.0.0"
      },
      "funding": {
        "url": "https://github.com/sponsors/mgks"
      }
    },
    "node_modules/@docmd/tui": {
      "version": "0.9.4",
      "resolved": "https://registry.npmjs.org/@docmd/tui/-/tui-0.9.4.tgz",
      "integrity": "sha512-ZbE8EXA6K8lBAr0qGnchTH/AcnjXs6B6bHunqhvf3za9TQjB9fHaSU8O4VIPxZAliPqDoQKsjgeNrMbj063u3g==",
      "license": "MIT",
      "dependencies": {
        "chalk": "^4.1.2"
      },
      "engines": {
        "node": ">=20.0.0"
      },
      "funding": {
        "url": "https://github.com/sponsors/mgks"
      }
    },
    "node_modules/@docmd/ui": {
      "version": "0.9.4",
      "resolved": "https://registry.npmjs.org/@docmd/ui/-/ui-0.9.4.tgz",
      "integrity": "sha512-pL1+ASb5RNb14WrFkYUKZvXOUuGbD+YYlxOdGNsZziARrRm0ZmgkhIbFXjvpTj5TXcnYz8d0sZaycKzITStzvQ==",
      "license": "MIT",
      "dependencies": {
        "@docmd/api": "^0.9.4",
        "@docmd/tui": "^0.9.4"
      },
      "engines": {
        "node": ">=20.0.0"
      },
      "funding": {
        "url": "https://github.com/sponsors/mgks"
      }
    },
    "node_modules/@docmd/utils": {
      "version": "0.9.4",
      "resolved": "https://registry.npmjs.org/@docmd/utils/-/utils-0.9.4.tgz",
      "integrity": "sha512-eXv04grlQOmk2NSzJ1iYDRrJf0hu+EK/UoYJoyPrTTPe8JGBnO3ysUzFFcXsG//6yMlCyb4rLxWueUr+pTKlXw==",
      "license": "MIT",
      "engines": {
        "node": ">=20.0.0"
      },
      "funding": {
        "url": "https://github.com/sponsors/mgks"
      }
    },
    "node_modules/@esbuild/win32-x64": {
      "version": "0.28.2",
      "resolved": "https://registry.npmjs.org/@esbuild/win32-x64/-/win32-x64-0.28.2.tgz",
      "integrity": "sha512-5ebpxr3nWMzrL/rnUI755Jkuee0bHL/Gq0WTF9lvcpv73wAp5eu8MfBUgWK9bhWvZjj7yX8etf/8tI8Ney695g==",
      "cpu": [
        "x64"
      ],
      "license": "MIT",
      "optional": true,
      "os": [
        "win32"
      ],
      "engines": {
        "node": ">=18"
      }
    },
    "node_modules/aiplug": {
      "version": "0.1.2",
      "resolved": "https://registry.npmjs.org/aiplug/-/aiplug-0.1.2.tgz",
      "integrity": "sha512-NYYRuCewtIACs2Vbxw8l0EOBZMsyV/uWGq5zh+3f9rj1DBMheycCj031eudZmRJIwPUgsx/LzXY4/JkyP7owhQ==",
      "license": "MIT",
      "dependencies": {
        "yaml": "^2.9.0"
      },
      "bin": {
        "aiplug": "dist/cli/index.js"
      },
      "engines": {
        "node": ">=18.17.0"
      },
      "funding": {
        "url": "https://github.com/sponsors/mgks"
      }
    },
    "node_modules/ansi-styles": {
      "version": "4.3.0",
      "resolved": "https://registry.npmjs.org/ansi-styles/-/ansi-styles-4.3.0.tgz",
      "integrity": "sha512-zbB9rCJAT1rbjiVDb2hqKFHNYLxgtk8NURxZ3IZwD3F6NtxbXZQCnnSi1Lkx+IDohdPlFp222wVALIheZJQSEg==",
      "license": "MIT",
      "dependencies": {
        "color-convert": "^2.0.1"
      },
      "engines": {
        "node": ">=8"
      },
      "funding": {
        "url": "https://github.com/chalk/ansi-styles?sponsor=1"
      }
    },
    "node_modules/argparse": {
      "version": "2.0.1",
      "resolved": "https://registry.npmjs.org/argparse/-/argparse-2.0.1.tgz",
      "integrity": "sha512-8+9WqebbFzpX9OR+Wa6O29asIogeRMzcGtAINdpMHHyAg10f05aSFVBbcEqGf/PXw1EjAZ+q2/bEBg3DvurK3Q==",
      "license": "Python-2.0"
    },
    "node_modules/base64-js": {
      "version": "1.5.1",
      "resolved": "https://registry.npmjs.org/base64-js/-/base64-js-1.5.1.tgz",
      "integrity": "sha512-AKpaYlHn8t4SVbOHCy+b5+KKgvR4vrsD8vbvrbiQJps7fKDTkjkDry6ji0rUJjC0kzbNePLwzxq8iypo41qeWA==",
      "funding": [
        {
          "type": "github",
          "url": "https://github.com/sponsors/feross"
        },
        {
          "type": "patreon",
          "url": "https://www.patreon.com/feross"
        },
        {
          "type": "consulting",
          "url": "https://feross.org/support"
        }
      ],
      "license": "MIT"
    },
    "node_modules/buffer": {
      "version": "6.0.3",
      "resolved": "https://registry.npmjs.org/buffer/-/buffer-6.0.3.tgz",
      "integrity": "sha512-FTiCpNxtwiZZHEZbcbTIcZjERVICn9yq/pDFkTl95/AxzD1naBctN7YO68riM/gLSDY7sdrMby8hofADYuuqOA==",
      "funding": [
        {
          "type": "github",
          "url": "https://github.com/sponsors/feross"
        },
        {
          "type": "patreon",
          "url": "https://www.patreon.com/feross"
        },
        {
          "type": "consulting",
          "url": "https://feross.org/support"
        }
      ],
      "license": "MIT",
      "dependencies": {
        "base64-js": "^1.3.1",
        "ieee754": "^1.2.1"
      }
    },
    "node_modules/chalk": {
      "version": "4.1.2",
      "resolved": "https://registry.npmjs.org/chalk/-/chalk-4.1.2.tgz",
      "integrity": "sha512-oKnbhFyRIXpUuez8iBMmyEa4nbj4IOQyuhc/wy9kY7/WVPcwIO9VA668Pu8RkO7+0G76SLROeyw9CpQ061i4mA==",
      "license": "MIT",
      "dependencies": {
        "ansi-styles": "^4.1.0",
        "supports-color": "^7.1.0"
      },
      "engines": {
        "node": ">=10"
      },
      "funding": {
        "url": "https://github.com/chalk/chalk?sponsor=1"
      }
    },
    "node_modules/color-convert": {
      "version": "2.0.1",
      "resolved": "https://registry.npmjs.org/color-convert/-/color-convert-2.0.1.tgz",
      "integrity": "sha512-RRECPsj7iu/xb5oKYcsFHSppFNnsj/52OVTRKb4zP5onXwVF3zVmmToNcOfGC+CRDpfK/U584fMg38ZHCaElKQ==",
      "license": "MIT",
      "dependencies": {
        "color-name": "~1.1.4"
      },
      "engines": {
        "node": ">=7.0.0"
      }
    },
    "node_modules/color-name": {
      "version": "1.1.4",
      "resolved": "https://registry.npmjs.org/color-name/-/color-name-1.1.4.tgz",
      "integrity": "sha512-dOy+3AuW3a2wNbZHIuMZpTcgjGuLU/uBL/ubcZF9OXbDo8ff4O8yVp5Bf0efS8uEoYo5q4Fx7dY9OgQGXgAsQA==",
      "license": "MIT"
    },
    "node_modules/commander": {
      "version": "8.3.0",
      "resolved": "https://registry.npmjs.org/commander/-/commander-8.3.0.tgz",
      "integrity": "sha512-OkTL9umf+He2DZkUq8f8J9of7yL6RJKI24dVITBmNfZBmri9zYZQrKkuXiKhyfPSu8tUhnVBB1iKXevvnlR4Ww==",
      "license": "MIT",
      "engines": {
        "node": ">= 12"
      }
    },
    "node_modules/docmd-assistant": {
      "version": "0.1.15",
      "resolved": "https://registry.npmjs.org/docmd-assistant/-/docmd-assistant-0.1.15.tgz",
      "integrity": "sha512-demGLxEEbKJZlijtRM4D6Kil6+HyiE61yO+eqy43kAd8WrU2wFxr3qF1jztacLMr+Z3lCN88rstwIB/RL2rB+g==",
      "license": "MIT",
      "dependencies": {
        "aiplug": "^0.1.2"
      },
      "engines": {
        "node": ">=20.0.0"
      }
    },
    "node_modules/embed-lite": {
      "version": "0.1.6",
      "resolved": "https://registry.npmjs.org/embed-lite/-/embed-lite-0.1.6.tgz",
      "integrity": "sha512-iL9W49mLcEAla5U2l5MtwCyp+F4r938Z+HFo+/qruEXfGhpwm+qg0WqbfpsxPlm2rQAuXih7skAtyM3dVLCuXA==",
      "license": "MIT",
      "funding": {
        "url": "https://github.com/sponsors/mgks"
      }
    },
    "node_modules/entities": {
      "version": "4.5.0",
      "resolved": "https://registry.npmjs.org/entities/-/entities-4.5.0.tgz",
      "integrity": "sha512-V0hjH4dGPh9Ao5p0MoRY6BVqtwCjhz6vI5LT8AJ55H+4g9/4vbHx1I54fS0XuclLhDHArPQCiMjDxjaL8fPxhw==",
      "license": "BSD-2-Clause",
      "engines": {
        "node": ">=0.12"
      },
      "funding": {
        "url": "https://github.com/fb55/entities?sponsor=1"
      }
    },
    "node_modules/esbuild": {
      "version": "0.28.2",
      "resolved": "https://registry.npmjs.org/esbuild/-/esbuild-0.28.2.tgz",
      "integrity": "sha512-HKVLS8dvII+xoKW9kmqxbRKrnWEXfJJr/FZhhJmiqIB0e053QNYFqOBouTMO/k5sID4MvCiUCvv8b9M4h32wIA==",
      "hasInstallScript": true,
      "license": "MIT",
      "bin": {
        "esbuild": "bin/esbuild"
      },
      "engines": {
        "node": ">=18"
      },
      "optionalDependencies": {
        "@esbuild/aix-ppc64": "0.28.2",
        "@esbuild/android-arm": "0.28.2",
        "@esbuild/android-arm64": "0.28.2",
        "@esbuild/android-x64": "0.28.2",
        "@esbuild/darwin-arm64": "0.28.2",
        "@esbuild/darwin-x64": "0.28.2",
        "@esbuild/freebsd-arm64": "0.28.2",
        "@esbuild/freebsd-x64": "0.28.2",
        "@esbuild/linux-arm": "0.28.2",
        "@esbuild/linux-arm64": "0.28.2",
        "@esbuild/linux-ia32": "0.28.2",
        "@esbuild/linux-loong64": "0.28.2",
        "@esbuild/linux-mips64el": "0.28.2",
        "@esbuild/linux-ppc64": "0.28.2",
        "@esbuild/linux-riscv64": "0.28.2",
        "@esbuild/linux-s390x": "0.28.2",
        "@esbuild/linux-x64": "0.28.2",
        "@esbuild/netbsd-arm64": "0.28.2",
        "@esbuild/netbsd-x64": "0.28.2",
        "@esbuild/openbsd-arm64": "0.28.2",
        "@esbuild/openbsd-x64": "0.28.2",
        "@esbuild/openharmony-arm64": "0.28.2",
        "@esbuild/sunos-x64": "0.28.2",
        "@esbuild/win32-arm64": "0.28.2",
        "@esbuild/win32-ia32": "0.28.2",
        "@esbuild/win32-x64": "0.28.2"
      }
    },
    "node_modules/has-flag": {
      "version": "4.0.0",
      "resolved": "https://registry.npmjs.org/has-flag/-/has-flag-4.0.0.tgz",
      "integrity": "sha512-EykJT/Q1KjTWctppgIAgfSO0tKVuZUjhgMr17kqTumMl6Afv3EISleU7qZUzoXDFTAHTDC4NOoG/ZxU3EvlMPQ==",
      "license": "MIT",
      "engines": {
        "node": ">=8"
      }
    },
    "node_modules/ieee754": {
      "version": "1.2.1",
      "resolved": "https://registry.npmjs.org/ieee754/-/ieee754-1.2.1.tgz",
      "integrity": "sha512-dcyqhDvX1C46lXZcVqCpK+FtMRQVdIMN6/Df5js2zouUsqG7I6sFxitIC+7KYK29KdXOLHdu9zL4sFnoVQnqaA==",
      "funding": [
        {
          "type": "github",
          "url": "https://github.com/sponsors/feross"
        },
        {
          "type": "patreon",
          "url": "https://www.patreon.com/feross"
        },
        {
          "type": "consulting",
          "url": "https://feross.org/support"
        }
      ],
      "license": "BSD-3-Clause"
    },
    "node_modules/katex": {
      "version": "0.18.4",
      "resolved": "https://registry.npmjs.org/katex/-/katex-0.18.4.tgz",
      "integrity": "sha512-IMPntbRLOU+eu88XDiFKqQ8Akhr9Tv7jDMXqPhjG9SI1JMA4DIgXk4x9k4skJz2NZJXBRbC+2pYBLj9olqcZow==",
      "funding": [
        "https://opencollective.com/katex",
        "https://github.com/sponsors/katex"
      ],
      "license": "MIT",
      "dependencies": {
        "commander": "^8.3.0"
      },
      "bin": {
        "katex": "cli.js"
      }
    },
    "node_modules/linkify-it": {
      "version": "5.0.2",
      "resolved": "https://registry.npmjs.org/linkify-it/-/linkify-it-5.0.2.tgz",
      "integrity": "sha512-ONTm2jCMAVZjgQa/Fy1kScXsuOoF5NPTsoFBdE1KVIZ2vAh/r9+Bqo+0jINCBYnavTPQZz38QzFTme79ENoN3Q==",
      "funding": [
        {
          "type": "github",
          "url": "https://github.com/sponsors/puzrin"
        },
        {
          "type": "github",
          "url": "https://github.com/sponsors/markdown-it"
        }
      ],
      "license": "MIT",
      "dependencies": {
        "uc.micro": "^2.0.0"
      }
    },
    "node_modules/lite-hl": {
      "version": "0.2.1",
      "resolved": "https://registry.npmjs.org/lite-hl/-/lite-hl-0.2.1.tgz",
      "integrity": "sha512-xFuCX47Lg9RowJsOKt12+RTPY4AVewib+XCBr5LOjAoaJ7mh8V2TxvuZS8ersMvoswTq3RqL39ofpj9y9SVfkA==",
      "license": "MIT",
      "funding": {
        "url": "https://github.com/sponsors/mgks"
      }
    },
    "node_modules/lite-matter": {
      "version": "0.1.2",
      "resolved": "https://registry.npmjs.org/lite-matter/-/lite-matter-0.1.2.tgz",
      "integrity": "sha512-cGSYxO6vcipYZBSF5dUtDF3IqbkNxSjVQuvs5Ol3fO35URzHEvG2Ml0KbH5kvXXsx33SgbfwiVp6afwovarD8A==",
      "license": "MIT",
      "dependencies": {
        "yaml": "^2.9.0"
      },
      "funding": {
        "url": "https://github.com/sponsors/mgks"
      }
    },
    "node_modules/lite-template": {
      "version": "0.1.3",
      "resolved": "https://registry.npmjs.org/lite-template/-/lite-template-0.1.3.tgz",
      "integrity": "sha512-JVN3BA0WMTjRshH1ljQd2ZF2019NhYpQgvi0VGLJ4TXc9kkfu6kx672DhUWPLlhFMfjZCirYY4emawXl3hEKPQ==",
      "license": "MIT",
      "funding": {
        "url": "https://github.com/sponsors/mgks"
      }
    },
    "node_modules/lucide-static": {
      "version": "0.577.0",
      "resolved": "https://registry.npmjs.org/lucide-static/-/lucide-static-0.577.0.tgz",
      "integrity": "sha512-hx39J5Tq4JWF2ALY+5YRg+SxQLpeAmLJDXNcqiBJH/UuVwp43it9fyki/onZO7AVFgG5ZbB+fWwZR9mwGHE2XQ==",
      "license": "ISC"
    },
    "node_modules/markdown-it": {
      "version": "14.3.0",
      "resolved": "https://registry.npmjs.org/markdown-it/-/markdown-it-14.3.0.tgz",
      "integrity": "sha512-RCEsPjR+sr0x+AuYp601tKTkgFG4YEPLCzHST3cQ/fhlJkqAkz1L2/Qbp1j9qw5SBwQHFBoW8+hoN5xssOF0Tw==",
      "funding": [
        {
          "type": "github",
          "url": "https://github.com/sponsors/puzrin"
        },
        {
          "type": "github",
          "url": "https://github.com/sponsors/markdown-it"
        }
      ],
      "license": "MIT",
      "dependencies": {
        "argparse": "^2.0.1",
        "entities": "^4.5.0",
        "linkify-it": "^5.0.2",
        "mdurl": "^2.0.0",
        "punycode.js": "^2.3.1",
        "uc.micro": "^2.1.0"
      },
      "bin": {
        "markdown-it": "bin/markdown-it.mjs"
      }
    },
    "node_modules/markdown-it-abbr": {
      "version": "1.0.4",
      "resolved": "https://registry.npmjs.org/markdown-it-abbr/-/markdown-it-abbr-1.0.4.tgz",
      "integrity": "sha512-ZeA4Z4SaBbYysZap5iZcxKmlPL6bYA8grqhzJIHB1ikn7njnzaP8uwbtuXc4YXD5LicI4/2Xmc0VwmSiFV04gg==",
      "license": "MIT"
    },
    "node_modules/markdown-it-attrs": {
      "version": "4.5.0",
      "resolved": "https://registry.npmjs.org/markdown-it-attrs/-/markdown-it-attrs-4.5.0.tgz",
      "integrity": "sha512-dsuEyK/MDAYsdZLDIaDAQXz5+gP0AAbJ4ZjOSB0w+ZGe4lLbzyCgGg0LApC6j9zUK2F+2SA9VkzXfyNG9hL/8g==",
      "license": "MIT",
      "engines": {
        "node": ">=6"
      },
      "peerDependencies": {
        "markdown-it": ">= 9.0.0"
      }
    },
    "node_modules/markdown-it-deflist": {
      "version": "2.1.0",
      "resolved": "https://registry.npmjs.org/markdown-it-deflist/-/markdown-it-deflist-2.1.0.tgz",
      "integrity": "sha512-3OuqoRUlSxJiuQYu0cWTLHNhhq2xtoSFqsZK8plANg91+RJQU1ziQ6lA2LzmFAEes18uPBsHZpcX6We5l76Nzg==",
      "license": "MIT"
    },
    "node_modules/markdown-it-emoji": {
      "version": "2.0.2",
      "resolved": "https://registry.npmjs.org/markdown-it-emoji/-/markdown-it-emoji-2.0.2.tgz",
      "integrity": "sha512-zLftSaNrKuYl0kR5zm4gxXjHaOI3FAOEaloKmRA5hijmJZvSjmxcokOLlzycb/HXlUFWzXqpIEoyEMCE4i9MvQ==",
      "license": "MIT"
    },
    "node_modules/markdown-it-footnote": {
      "version": "3.0.3",
      "resolved": "https://registry.npmjs.org/markdown-it-footnote/-/markdown-it-footnote-3.0.3.tgz",
      "integrity": "sha512-YZMSuCGVZAjzKMn+xqIco9d1cLGxbELHZ9do/TSYVzraooV8ypsppKNmUJ0fVH5ljkCInQAtFpm8Rb3eXSrt5w==",
      "license": "MIT"
    },
    "node_modules/markdown-it-task-lists": {
      "version": "2.1.1",
      "resolved": "https://registry.npmjs.org/markdown-it-task-lists/-/markdown-it-task-lists-2.1.1.tgz",
      "integrity": "sha512-TxFAc76Jnhb2OUu+n3yz9RMu4CwGfaT788br6HhEDlvWfdeJcLUsxk1Hgw2yJio0OXsxv7pyIPmvECY7bMbluA==",
      "license": "ISC"
    },
    "node_modules/markdown-it-texmath": {
      "version": "1.0.0",
      "resolved": "https://registry.npmjs.org/markdown-it-texmath/-/markdown-it-texmath-1.0.0.tgz",
      "integrity": "sha512-4hhkiX8/gus+6e53PLCUmUrsa6ZWGgJW2XCW6O0ASvZUiezIK900ZicinTDtG3kAO2kon7oUA/ReWmpW2FByxg==",
      "license": "MIT"
    },
    "node_modules/mdurl": {
      "version": "2.1.0",
      "resolved": "https://registry.npmjs.org/mdurl/-/mdurl-2.1.0.tgz",
      "integrity": "sha512-1+HBaOx0zi/dQWht8rNv9MYf9qqpqL/kxI0hXImU6Y547zM6Sni8BQibt7ifgMcYtQg41ao3Ivd6cnSM86inpg==",
      "license": "MIT"
    },
    "node_modules/minisearch": {
      "version": "7.2.0",
      "resolved": "https://registry.npmjs.org/minisearch/-/minisearch-7.2.0.tgz",
      "integrity": "sha512-dqT2XBYUOZOiC5t2HRnwADjhNS2cecp9u+TJRiJ1Qp/f5qjkeT5APcGPjHw+bz89Ms8Jp+cG4AlE+QZ/QnDglg==",
      "license": "MIT"
    },
    "node_modules/punycode.js": {
      "version": "2.3.1",
      "resolved": "https://registry.npmjs.org/punycode.js/-/punycode.js-2.3.1.tgz",
      "integrity": "sha512-uxFIHU0YlHYhDQtV4R9J6a52SLx28BCjT+4ieh7IGbgwVJWO+km431c4yRlREUAsAmt/uMjQUyQHNEPf0M39CA==",
      "license": "MIT",
      "engines": {
        "node": ">=6"
      }
    },
    "node_modules/supports-color": {
      "version": "7.2.0",
      "resolved": "https://registry.npmjs.org/supports-color/-/supports-color-7.2.0.tgz",
      "integrity": "sha512-qpCAvRl9stuOHveKsn7HncJRvv501qIacKzQlO/+Lwxc9+0q2wLyv4Dfvt80/DPn2pqOBsJdDiogXGR9+OvwRw==",
      "license": "MIT",
      "dependencies": {
        "has-flag": "^4.0.0"
      },
      "engines": {
        "node": ">=8"
      }
    },
    "node_modules/uc.micro": {
      "version": "2.1.0",
      "resolved": "https://registry.npmjs.org/uc.micro/-/uc.micro-2.1.0.tgz",
      "integrity": "sha512-ARDJmphmdvUk6Glw7y9DQ2bFkKBHwQHLi2lsaH6PPmz/Ka9sFOBsBluozhDltWmnv9u/cF6Rt87znRTPV+yp/A==",
      "license": "MIT"
    },
    "node_modules/ws": {
      "version": "8.21.3",
      "resolved": "https://registry.npmjs.org/ws/-/ws-8.21.3.tgz",
      "integrity": "sha512-201TZ/kPWxoPr/OKWjquZR1SWKXcvxdH+e1xrx89b3YbmzLMFCLfnaG1HFIgWzJOEWZ7MvpK++odZufgYR50Rw==",
      "license": "MIT",
      "engines": {
        "node": ">=10.0.0"
      },
      "peerDependencies": {
        "bufferutil": "^4.0.1",
        "utf-8-validate": ">=5.0.2"
      },
      "peerDependenciesMeta": {
        "bufferutil": {
          "optional": true
        },
        "utf-8-validate": {
          "optional": true
        }
      }
    },
    "node_modules/yaml": {
      "version": "2.9.0",
      "resolved": "https://registry.npmjs.org/yaml/-/yaml-2.9.0.tgz",
      "integrity": "sha512-2AvhNX3mb8zd6Zy7INTtSpl1F15HW6Wnqj0srWlkKLcpYl/gMIMJiyuGq2KeI2YFxUPjdlB+3Lc10seMLtL4cA==",
      "license": "ISC",
      "bin": {
        "yaml": "bin.mjs"
      },
      "engines": {
        "node": ">= 14.6"
      },
      "funding": {
        "url": "https://github.com/sponsors/eemeli"
      }
    }
  }
}
